
Microsoft Visual Studio Solution File, Format Version 12.00
# Visual Studio 15
VisualStudioVersion = 15.0.28010.2016
MinimumVisualStudioVersion = 10.0.40219.1
Project("{FAE04EC0-301F-11D3-BF4B-00C04F79EFBC}") = "Assigment1_WebForms_ASPNET", "Assigment1_WebForms_ASPNET\Assigment1_WebForms_ASPNET.csproj", "{827BD3A3-1593-4688-879E-67D73CC8E389}"
EndProject
Global
	GlobalSection(SolutionConfigurationPlatforms) = preSolution
		Debug|Any CPU = Debug|Any CPU
		Release|Any CPU = Release|Any CPU
	EndGlobalSection
	GlobalSection(ProjectConfigurationPlatforms) = postSolution
		{827BD3A3-1593-4688-879E-67D73CC8E389}.Debug|Any CPU.ActiveCfg = Debug|Any CPU
		{827BD3A3-1593-4688-879E-67D73CC8E389}.Debug|Any CPU.Build.0 = Debug|Any CPU
		{827BD3A3-1593-4688-879E-67D73CC8E389}.Release|Any CPU.ActiveCfg = Release|Any CPU
		{827BD3A3-1593-4688-879E-67D73CC8E389}.Release|Any CPU.Build.0 = Release|Any CPU
	EndGlobalSection
	GlobalSection(SolutionProperties) = preSolution
		HideSolutionNode = FALSE
	EndGlobalSection
	GlobalSection(ExtensibilityGlobals) = postSolution
		SolutionGuid = {4720D442-EE16-4EC4-8C62-053E88507764}
	EndGlobalSection
EndGlobal
